lockfileVersion: '9.0'

settings:
  autoInstallPeers: true
  excludeLinksFromLockfile: false

importers:

  .:
    dependencies:
      '@microsoft/signalr':
        specifier: ^5.0.17
        version: 5.0.17
      jquery:
        specifier: ^1.11.3
        version: 1.11.3
      moment:
        specifier: ^2.29.1
        version: 2.29.1
      slick-carousel:
        specifier: ^1.8.1
        version: 1.8.1(jquery@1.11.3)
      sortablejs:
        specifier: ^1.13.0
        version: 1.13.0

packages:

  '@microsoft/signalr@5.0.17':
    resolution: {integrity: sha512-zTjFxjh67WWCe35ZipsqkktM5mM+MsckyyI2ZvFmYWR7ibpUoAyZI1DFdYfwXfsyBdlykDaW84o9lrB+9tDpaA==}

  abort-controller@3.0.0:
    resolution: {integrity: sha512-h8lQ8tacZYnR3vNQTgibj+tODHI5/+l06Au2Pcriv/Gmet0eaj4TwWH41sO9wnHDiQsEj19q0drzdWdeAHtweg==}
    engines: {node: '>=6.5'}

  async-limiter@1.0.1:
    resolution: {integrity: sha512-csOlWGAcRFJaI6m+F2WKdnMKr4HhdhFVBk0H/QbJFMCr+uO2kwohwXQPxw/9OCxp05r5ghVBFSyioixx3gfkNQ==}

  es6-denodeify@0.1.5:
    resolution: {integrity: sha512-731Rf4NqlPvhkT1pIF7r8vZxESJlWocNpXLuyPlVnfEGXlwuJaMvU5WpyyDjpudDC2cgXVX849xljzvQqBg1QQ==}

  event-target-shim@5.0.1:
    resolution: {integrity: sha512-i/2XbnSz/uxRCU6+NdVJgKWDTM427+MqYbkQzD321DuCQJUqOuJKIA0IM2+W2xtYHdKOmZ4dR6fExsd4SXL+WQ==}
    engines: {node: '>=6'}

  eventsource@1.1.2:
    resolution: {integrity: sha512-xAH3zWhgO2/3KIniEKYPr8plNSzlGINOUqYj0m0u7AB81iRw8b/3E73W6AuU+6klLbaSFmZnaETQ2lXPfAydrA==}
    engines: {node: '>=0.12.0'}

  fetch-cookie@0.7.3:
    resolution: {integrity: sha512-rZPkLnI8x5V+zYAiz8QonAHsTb4BY+iFowFBI1RFn0zrO343AVp9X7/yUj/9wL6Ef/8fLls8b/vGtzUvmyAUGA==}

  jquery@1.11.3:
    resolution: {integrity: sha512-pHM/XLofp0FJc0/0AsRm8q/5ob+a1kno+vfclXGozaMBPv3qD7Xq19loECVcBB4MOLdygnyneQMPTsH5QiVNBQ==}

  moment@2.29.1:
    resolution: {integrity: sha512-kHmoybcPV8Sqy59DwNDY3Jefr64lK/by/da0ViFcuA4DH0vQg5Q6Ze5VimxkfQNSC+Mls/Kx53s7TjP1RhFEDQ==}

  node-fetch@2.7.0:
    resolution: {integrity: sha512-c4FRfUm/dbcWZ7U+1Wq0AwCyFL+3nt2bEw05wfxSz+DWpWsitgmSgYmy2dQdWyKC1694ELPqMs/YzUSNozLt8A==}
    engines: {node: 4.x || >=6.0.0}
    peerDependencies:
      encoding: ^0.1.0
    peerDependenciesMeta:
      encoding:
        optional: true

  psl@1.9.0:
    resolution: {integrity: sha512-E/ZsdU4HLs/68gYzgGTkMicWTLPdAftJLfJFlLUAAKZGkStNU72sZjT66SnMDVOfOWY/YAoiD7Jxa9iHvngcag==}

  punycode@2.3.1:
    resolution: {integrity: sha512-vYt7UD1U9Wg6138shLtLOvdAu+8DsC/ilFtEVHcH+wydcSpNE20AfSOduf6MkRFahL5FY7X1oU7nKVZFtfq8Fg==}
    engines: {node: '>=6'}

  slick-carousel@1.8.1:
    resolution: {integrity: sha512-XB9Ftrf2EEKfzoQXt3Nitrt/IPbT+f1fgqBdoxO3W/+JYvtEOW6EgxnWfr9GH6nmULv7Y2tPmEX3koxThVmebA==}
    peerDependencies:
      jquery: '>=1.8.0'

  sortablejs@1.13.0:
    resolution: {integrity: sha512-RBJirPY0spWCrU5yCmWM1eFs/XgX2J5c6b275/YyxFRgnzPhKl/TDeU2hNR8Dt7ITq66NRPM4UlOt+e5O4CFHg==}

  tough-cookie@2.5.0:
    resolution: {integrity: sha512-nlLsUzgm1kfLXSXfRZMc1KLAugd4hqJHDTvc2hDIwS3mZAfMEuMbc03SujMF+GEcpaX/qboeycw6iO8JwVv2+g==}
    engines: {node: '>=0.8'}

  tr46@0.0.3:
    resolution: {integrity: sha512-N3WMsuqV66lT30CrXNbEjx4GEwlow3v6rr4mCcv6prnfwhS01rkgyFdjPNBYd9br7LpXV1+Emh01fHnq2Gdgrw==}

  webidl-conversions@3.0.1:
    resolution: {integrity: sha512-2JAn3z8AR6rjK8Sm8orRC0h/bcl/DqL7tRPdGZ4I1CjdF+EaMLmYxBHyXuKL849eucPFhvBoxMsflfOb8kxaeQ==}

  whatwg-url@5.0.0:
    resolution: {integrity: sha512-saE57nupxk6v3HY35+jzBwYa0rKSy0XR8JSxZPwgLr7ys0IBzhGviA1/TUGJLmSVqs8pb9AnvICXEuOHLprYTw==}

  ws@6.2.2:
    resolution: {integrity: sha512-zmhltoSR8u1cnDsD43TX59mzoMZsLKqUweyYBAIvTngR3shc0W6aOZylZmq/7hqyVxPdi+5Ud2QInblgyE72fw==}
    peerDependencies:
      bufferutil: ^4.0.1
      utf-8-validate: ^5.0.2
    peerDependenciesMeta:
      bufferutil:
        optional: true
      utf-8-validate:
        optional: true

snapshots:

  '@microsoft/signalr@5.0.17':
    dependencies:
      abort-controller: 3.0.0
      eventsource: 1.1.2
      fetch-cookie: 0.7.3
      node-fetch: 2.7.0
      ws: 6.2.2
    transitivePeerDependencies:
      - bufferutil
      - encoding
      - utf-8-validate

  abort-controller@3.0.0:
    dependencies:
      event-target-shim: 5.0.1

  async-limiter@1.0.1: {}

  es6-denodeify@0.1.5: {}

  event-target-shim@5.0.1: {}

  eventsource@1.1.2: {}

  fetch-cookie@0.7.3:
    dependencies:
      es6-denodeify: 0.1.5
      tough-cookie: 2.5.0

  jquery@1.11.3: {}

  moment@2.29.1: {}

  node-fetch@2.7.0:
    dependencies:
      whatwg-url: 5.0.0

  psl@1.9.0: {}

  punycode@2.3.1: {}

  slick-carousel@1.8.1(jquery@1.11.3):
    dependencies:
      jquery: 1.11.3

  sortablejs@1.13.0: {}

  tough-cookie@2.5.0:
    dependencies:
      psl: 1.9.0
      punycode: 2.3.1

  tr46@0.0.3: {}

  webidl-conversions@3.0.1: {}

  whatwg-url@5.0.0:
    dependencies:
      tr46: 0.0.3
      webidl-conversions: 3.0.1

  ws@6.2.2:
    dependencies:
      async-limiter: 1.0.1
